
Microsoft Visual Studio Solution File, Format Version 12.00
# Visual Studio Version 17
VisualStudioVersion = 17.7.34003.232
MinimumVisualStudioVersion = 10.0.40219.1
Project("{FAE04EC0-301F-11D3-BF4B-00C04F79EFBC}") = "Command2", "Command2\Command2.csproj", "{99EB0712-8088-45BA-B796-C4E1EF558724}"
EndProject
Global
	GlobalSection(SolutionConfigurationPlatforms) = preSolution
		Debug|Any CPU = Debug|Any CPU
		Release|Any CPU = Release|Any CPU
	EndGlobalSection
	GlobalSection(ProjectConfigurationPlatforms) = postSolution
		{99EB0712-8088-45BA-B796-C4E1EF558724}.Debug|Any CPU.ActiveCfg = Debug|Any CPU
		{99EB0712-8088-45BA-B796-C4E1EF558724}.Debug|Any CPU.Build.0 = Debug|Any CPU
		{99EB0712-8088-45BA-B796-C4E1EF558724}.Release|Any CPU.ActiveCfg = Release|Any CPU
		{99EB0712-8088-45BA-B796-C4E1EF558724}.Release|Any CPU.Build.0 = Release|Any CPU
	EndGlobalSection
	GlobalSection(SolutionProperties) = preSolution
		HideSolutionNode = FALSE
	EndGlobalSection
	GlobalSection(ExtensibilityGlobals) = postSolution
		SolutionGuid = {DF0D8FBD-2231-494B-988B-7623711EA0C0}
	EndGlobalSection
EndGlobal
